
Microsoft Visual Studio Solution File, Format Version 12.00
# Visual Studio Version 17
VisualStudioVersion = 17.3.32901.215
MinimumVisualStudioVersion = 10.0.40219.1
Project("{FAE04EC0-301F-11D3-BF4B-00C04F79EFBC}") = "P6_1_1214060", "P6_1_1214060\P6_1_1214060.csproj", "{DA0F9B8D-30A4-45B3-8682-017AF1CB08FC}"
EndProject
Global
	GlobalSection(SolutionConfigurationPlatforms) = preSolution
		Debug|Any CPU = Debug|Any CPU
		Release|Any CPU = Release|Any CPU
	EndGlobalSection
	GlobalSection(ProjectConfigurationPlatforms) = postSolution
		{DA0F9B8D-30A4-45B3-8682-017AF1CB08FC}.Debug|Any CPU.ActiveCfg = Debug|Any CPU
		{DA0F9B8D-30A4-45B3-8682-017AF1CB08FC}.Debug|Any CPU.Build.0 = Debug|Any CPU
		{DA0F9B8D-30A4-45B3-8682-017AF1CB08FC}.Release|Any CPU.ActiveCfg = Release|Any CPU
		{DA0F9B8D-30A4-45B3-8682-017AF1CB08FC}.Release|Any CPU.Build.0 = Release|Any CPU
	EndGlobalSection
	GlobalSection(SolutionProperties) = preSolution
		HideSolutionNode = FALSE
	EndGlobalSection
	GlobalSection(ExtensibilityGlobals) = postSolution
		SolutionGuid = {F089BB1B-13B3-4B30-966B-5D005D4D9503}
	EndGlobalSection
EndGlobal
